{
  "originHash" : "7191550dab0e03d835ede2aa41df896960f602dc2d1d924d59550b71b986e214",
  "pins" : [
    {
      "identity" : "skyllerkit",
      "kind" : "remoteSourceControl",
      "location" : "https://github.com/workingDog/SkyllerKit",
      "state" : {
        "branch" : "main",
        "revision" : "0a2f1112618490404295d36667ad3cf0b49ddb92"
      }
    },
    {
      "identity" : "swift-concurrency-extras",
      "kind" : "remoteSourceControl",
      "location" : "https://github.com/pointfreeco/swift-concurrency-extras",
      "state" : {
        "revision" : "5a3825302b1a0d744183200915a47b508c828e6f",
        "version" : "1.3.2"
      }
    },
    {
      "identity" : "swiftui-math",
      "kind" : "remoteSourceControl",
      "location" : "https://github.com/gonzalezreal/swiftui-math",
      "state" : {
        "revision" : "0b5c2cfaaec8d6193db206f675048eeb5ce95f71",
        "version" : "0.1.0"
      }
    },
    {
      "identity" : "textual",
      "kind" : "remoteSourceControl",
      "location" : "https://github.com/gonzalezreal/textual",
      "state" : {
        "branch" : "main",
        "revision" : "5b06b811c0f5313b6b84bbef98c635a630638c38"
      }
    }
  ],
  "version" : 3
}
