{
  "originHash" : "69517bd0110f03794d013399cbf0c83067cb78cfa4ec832e0ed57a8d8600c509",
  "pins" : [
    {
      "identity" : "swift-concurrency-extras",
      "kind" : "remoteSourceControl",
      "location" : "https://github.com/pointfreeco/swift-concurrency-extras",
      "state" : {
        "revision" : "5a3825302b1a0d744183200915a47b508c828e6f",
        "version" : "1.3.2"
      }
    },
    {
      "identity" : "swiftskyllkit",
      "kind" : "remoteSourceControl",
      "location" : "https://github.com/workingDog/SwiftSkyllKit",
      "state" : {
        "branch" : "main",
        "revision" : "9241e4206188603d1ce5e6d006219cade813859b"
      }
    },
    {
      "identity" : "swiftui-math",
      "kind" : "remoteSourceControl",
      "location" : "https://github.com/gonzalezreal/swiftui-math",
      "state" : {
        "revision" : "0b5c2cfaaec8d6193db206f675048eeb5ce95f71",
        "version" : "0.1.0"
      }
    },
    {
      "identity" : "textual",
      "kind" : "remoteSourceControl",
      "location" : "https://github.com/gonzalezreal/textual",
      "state" : {
        "branch" : "main",
        "revision" : "5b06b811c0f5313b6b84bbef98c635a630638c38"
      }
    }
  ],
  "version" : 3
}
