{
  "originHash" : "3f2d94710aa22ad4c1077fea34c15237428a3d1be82a781d7e55e6a9312076aa",
  "pins" : [
    {
      "identity" : "skyllerkit",
      "kind" : "remoteSourceControl",
      "location" : "https://github.com/workingDog/SkyllerKit",
      "state" : {
        "branch" : "main",
        "revision" : "2f6a90269056c328ddbdadb785dacadb9b3d5661"
      }
    },
    {
      "identity" : "swift-concurrency-extras",
      "kind" : "remoteSourceControl",
      "location" : "https://github.com/pointfreeco/swift-concurrency-extras",
      "state" : {
        "revision" : "5a3825302b1a0d744183200915a47b508c828e6f",
        "version" : "1.3.2"
      }
    },
    {
      "identity" : "swiftui-math",
      "kind" : "remoteSourceControl",
      "location" : "https://github.com/gonzalezreal/swiftui-math",
      "state" : {
        "revision" : "0b5c2cfaaec8d6193db206f675048eeb5ce95f71",
        "version" : "0.1.0"
      }
    },
    {
      "identity" : "textual",
      "kind" : "remoteSourceControl",
      "location" : "https://github.com/gonzalezreal/textual",
      "state" : {
        "branch" : "main",
        "revision" : "5b06b811c0f5313b6b84bbef98c635a630638c38"
      }
    }
  ],
  "version" : 3
}
